{
  "version": 4,
  "terraform_version": "0.12.8",
  "serial": 13,
  "lineage": "e39941a4-32ea-744e-d9b1-0dccffca5806",
  "outputs": {
    "mod_web0_public_dns": {
      "value": "ec2-52-57-109-184.eu-central-1.compute.amazonaws.com",
      "type": "string"
    },
    "mod_web0_public_ip": {
      "value": "52.57.109.184",
      "type": "string"
    }
  },
  "resources": [
    {
      "module": "module.mweb",
      "mode": "managed",
      "type": "aws_instance",
      "name": "web0",
      "provider": "provider.aws",
      "instances": [
        {
          "schema_version": 1,
          "attributes": {
            "ami": "ami-08a162fe1419adb2a",
            "arn": "arn:aws:ec2:eu-central-1:729476260648:instance/i-07d91f615a808c1e3",
            "associate_public_ip_address": true,
            "availability_zone": "eu-central-1a",
            "cpu_core_count": 1,
            "cpu_threads_per_core": 1,
            "credit_specification": [
              {
                "cpu_credits": "standard"
              }
            ],
            "disable_api_termination": false,
            "ebs_block_device": [],
            "ebs_optimized": false,
            "ephemeral_block_device": [],
            "get_password_data": false,
            "host_id": null,
            "iam_instance_profile": "",
            "id": "i-07d91f615a808c1e3",
            "instance_initiated_shutdown_behavior": null,
            "instance_state": "running",
            "instance_type": "t2.micro",
            "ipv6_address_count": 0,
            "ipv6_addresses": [],
            "key_name": "",
            "monitoring": false,
            "network_interface": [],
            "network_interface_id": null,
            "password_data": "",
            "placement_group": "",
            "primary_network_interface_id": "eni-0c4b72f046ac7667c",
            "private_dns": "ip-172-31-13-19.eu-central-1.compute.internal",
            "private_ip": "172.31.13.19",
            "public_dns": "ec2-52-57-109-184.eu-central-1.compute.amazonaws.com",
            "public_ip": "52.57.109.184",
            "root_block_device": [
              {
                "delete_on_termination": true,
                "encrypted": false,
                "iops": 100,
                "kms_key_id": "",
                "volume_id": "vol-034a0e42d6c2bc853",
                "volume_size": 8,
                "volume_type": "gp2"
              }
            ],
            "security_groups": [
              "tf200-follow-web"
            ],
            "source_dest_check": true,
            "subnet_id": "subnet-7282ce1a",
            "tags": {
              "Identity": "goose",
              "Name": "web0",
              "andriitag": "true",
              "learntag": "200tf"
            },
            "tenancy": "default",
            "timeouts": null,
            "user_data": null,
            "user_data_base64": null,
            "volume_tags": {},
            "vpc_security_group_ids": [
              "sg-04c059aea335d8f69"
            ]
          },
          "private": "eyJlMmJmYjczMC1lY2FhLTExZTYtOGY4OC0zNDM2M2JjN2M0YzAiOnsiY3JlYXRlIjo2MDAwMDAwMDAwMDAsImRlbGV0ZSI6MTIwMDAwMDAwMDAwMCwidXBkYXRlIjo2MDAwMDAwMDAwMDB9LCJzY2hlbWFfdmVyc2lvbiI6IjEifQ=="
        }
      ]
    }
  ]
}
