{
  "version": 4,
  "terraform_version": "0.12.8",
  "serial": 42,
  "lineage": "e39941a4-32ea-744e-d9b1-0dccffca5806",
  "outputs": {
    "mod_web0_public_dns": {
      "value": [
        "ec2-3-124-12-25.eu-central-1.compute.amazonaws.com",
        "ec2-18-184-53-0.eu-central-1.compute.amazonaws.com"
      ],
      "type": [
        "tuple",
        [
          "string",
          "string"
        ]
      ]
    },
    "mod_web0_public_ip": {
      "value": [
        "3.124.12.25",
        "18.184.53.0"
      ],
      "type": [
        "tuple",
        [
          "string",
          "string"
        ]
      ]
    }
  },
  "resources": [
    {
      "module": "module.mweb",
      "mode": "managed",
      "type": "aws_instance",
      "name": "web",
      "each": "list",
      "provider": "provider.aws",
      "instances": [
        {
          "index_key": 0,
          "schema_version": 1,
          "attributes": {
            "ami": "ami-08a162fe1419adb2a",
            "arn": "arn:aws:ec2:eu-central-1:729476260648:instance/i-04b759ca10f63f73e",
            "associate_public_ip_address": true,
            "availability_zone": "eu-central-1a",
            "cpu_core_count": 1,
            "cpu_threads_per_core": 1,
            "credit_specification": [
              {
                "cpu_credits": "standard"
              }
            ],
            "disable_api_termination": false,
            "ebs_block_device": [],
            "ebs_optimized": false,
            "ephemeral_block_device": [],
            "get_password_data": false,
            "host_id": null,
            "iam_instance_profile": "",
            "id": "i-04b759ca10f63f73e",
            "instance_initiated_shutdown_behavior": null,
            "instance_state": "running",
            "instance_type": "t2.micro",
            "ipv6_address_count": 0,
            "ipv6_addresses": [],
            "key_name": "aguselietov-key",
            "monitoring": false,
            "network_interface": [],
            "network_interface_id": null,
            "password_data": "",
            "placement_group": "",
            "primary_network_interface_id": "eni-05f20136b2ea90d90",
            "private_dns": "ip-172-31-8-28.eu-central-1.compute.internal",
            "private_ip": "172.31.8.28",
            "public_dns": "ec2-3-124-12-25.eu-central-1.compute.amazonaws.com",
            "public_ip": "3.124.12.25",
            "root_block_device": [
              {
                "delete_on_termination": true,
                "encrypted": false,
                "iops": 100,
                "kms_key_id": "",
                "volume_id": "vol-025b87b9572fbfccc",
                "volume_size": 8,
                "volume_type": "gp2"
              }
            ],
            "security_groups": [
              "tf200-follow-web"
            ],
            "source_dest_check": true,
            "subnet_id": "subnet-7282ce1a",
            "tags": {
              "Identity": "goose",
              "Name": "web0",
              "andriitag": "true",
              "learntag": "200tf"
            },
            "tenancy": "default",
            "timeouts": null,
            "user_data": null,
            "user_data_base64": null,
            "volume_tags": {},
            "vpc_security_group_ids": [
              "sg-04c059aea335d8f69"
            ]
          },
          "private": "eyJlMmJmYjczMC1lY2FhLTExZTYtOGY4OC0zNDM2M2JjN2M0YzAiOnsiY3JlYXRlIjo2MDAwMDAwMDAwMDAsImRlbGV0ZSI6MTIwMDAwMDAwMDAwMCwidXBkYXRlIjo2MDAwMDAwMDAwMDB9LCJzY2hlbWFfdmVyc2lvbiI6IjEifQ==",
          "depends_on": [
            "aws_key_pair.tf200-aguselietov"
          ]
        },
        {
          "index_key": 1,
          "schema_version": 1,
          "attributes": {
            "ami": "ami-08a162fe1419adb2a",
            "arn": "arn:aws:ec2:eu-central-1:729476260648:instance/i-0a9eb7625259bc81d",
            "associate_public_ip_address": true,
            "availability_zone": "eu-central-1a",
            "cpu_core_count": 1,
            "cpu_threads_per_core": 1,
            "credit_specification": [
              {
                "cpu_credits": "standard"
              }
            ],
            "disable_api_termination": false,
            "ebs_block_device": [],
            "ebs_optimized": false,
            "ephemeral_block_device": [],
            "get_password_data": false,
            "host_id": null,
            "iam_instance_profile": "",
            "id": "i-0a9eb7625259bc81d",
            "instance_initiated_shutdown_behavior": null,
            "instance_state": "running",
            "instance_type": "t2.micro",
            "ipv6_address_count": 0,
            "ipv6_addresses": [],
            "key_name": "aguselietov-key",
            "monitoring": false,
            "network_interface": [],
            "network_interface_id": null,
            "password_data": "",
            "placement_group": "",
            "primary_network_interface_id": "eni-08b6f050062c8172a",
            "private_dns": "ip-172-31-15-49.eu-central-1.compute.internal",
            "private_ip": "172.31.15.49",
            "public_dns": "ec2-18-184-53-0.eu-central-1.compute.amazonaws.com",
            "public_ip": "18.184.53.0",
            "root_block_device": [
              {
                "delete_on_termination": true,
                "encrypted": false,
                "iops": 100,
                "kms_key_id": "",
                "volume_id": "vol-0d00e3f4877dd69bd",
                "volume_size": 8,
                "volume_type": "gp2"
              }
            ],
            "security_groups": [
              "tf200-follow-web"
            ],
            "source_dest_check": true,
            "subnet_id": "subnet-7282ce1a",
            "tags": {
              "Identity": "goose",
              "Name": "web0",
              "andriitag": "true",
              "learntag": "200tf"
            },
            "tenancy": "default",
            "timeouts": null,
            "user_data": null,
            "user_data_base64": null,
            "volume_tags": {},
            "vpc_security_group_ids": [
              "sg-04c059aea335d8f69"
            ]
          },
          "private": "eyJlMmJmYjczMC1lY2FhLTExZTYtOGY4OC0zNDM2M2JjN2M0YzAiOnsiY3JlYXRlIjo2MDAwMDAwMDAwMDAsImRlbGV0ZSI6MTIwMDAwMDAwMDAwMCwidXBkYXRlIjo2MDAwMDAwMDAwMDB9LCJzY2hlbWFfdmVyc2lvbiI6IjEifQ==",
          "depends_on": [
            "aws_key_pair.tf200-aguselietov"
          ]
        }
      ]
    },
    {
      "module": "module.mweb",
      "mode": "managed",
      "type": "aws_key_pair",
      "name": "tf200-aguselietov",
      "provider": "provider.aws",
      "instances": [
        {
          "schema_version": 1,
          "attributes": {
            "fingerprint": "01:ca:46:0b:ea:ba:4e:28:0e:c9:b4:9e:2d:f3:29:66",
            "id": "aguselietov-key",
            "key_name": "aguselietov-key",
            "key_name_prefix": null,
            "public_key": "ssh-rsa AAAAB3NzaC1yc2EAAAADAQABAAABAQC704xhVAxg9Bhq0jIbABWVjKl2DW7apvfFj3UtvActT9a9w1Xt5Fa2jEFuzMXceFtpDjgq5j8E8vsrICu8Wpeqwuo2SR2aAjEjBDfJzOM3kmF9wuWdpacDhVm1luPJiqqM4wLAPufht5vhdlqD8QtW/q84MMHbbkXNjdvgqsIcvDWcCRLQDa1Du3ElF9V+/n182ihIDfQCUtQS0zc9lIcUemZMSLRhxAWA9BZYCu8wnUuLBE/fv8apC0NxOayklSBEj7Pk/HxJnYxTeskqGs5MkzHydObPZSnAtX4Hfe1KlmsAVwt6Sj2bG2AYpt9G0jF7Oq9sYQ6nBTMAxENIsmhB andrii@guselietovs-mbp.home"
          },
          "private": "eyJzY2hlbWFfdmVyc2lvbiI6IjEifQ=="
        }
      ]
    }
  ]
}
